
Microsoft Visual Studio Solution File, Format Version 12.00
# Visual Studio 2015
Project("{FAE04EC0-301F-11D3-BF4B-00C04F79EFBC}") = "Vizdom_Unity", "Vizdom_Unity.csproj", "{6E11FDB3-BFE2-594F-0112-3B0F9EF81500}"
EndProject
Project("{FAE04EC0-301F-11D3-BF4B-00C04F79EFBC}") = "Vizdom_Unity.Plugins", "Vizdom_Unity.Plugins.csproj", "{3BA7235A-C8A3-2C00-3E2A-E64E4C2C63DB}"
EndProject
Global
	GlobalSection(SolutionConfigurationPlatforms) = preSolution
		Debug|Any CPU = Debug|Any CPU
		Release|Any CPU = Release|Any CPU
	EndGlobalSection
	GlobalSection(ProjectConfigurationPlatforms) = postSolution
		{6E11FDB3-BFE2-594F-0112-3B0F9EF81500}.Debug|Any CPU.ActiveCfg = Debug|Any CPU
		{6E11FDB3-BFE2-594F-0112-3B0F9EF81500}.Debug|Any CPU.Build.0 = Debug|Any CPU
		{6E11FDB3-BFE2-594F-0112-3B0F9EF81500}.Release|Any CPU.ActiveCfg = Release|Any CPU
		{6E11FDB3-BFE2-594F-0112-3B0F9EF81500}.Release|Any CPU.Build.0 = Release|Any CPU
		{3BA7235A-C8A3-2C00-3E2A-E64E4C2C63DB}.Debug|Any CPU.ActiveCfg = Debug|Any CPU
		{3BA7235A-C8A3-2C00-3E2A-E64E4C2C63DB}.Debug|Any CPU.Build.0 = Debug|Any CPU
		{3BA7235A-C8A3-2C00-3E2A-E64E4C2C63DB}.Release|Any CPU.ActiveCfg = Release|Any CPU
		{3BA7235A-C8A3-2C00-3E2A-E64E4C2C63DB}.Release|Any CPU.Build.0 = Release|Any CPU
	EndGlobalSection
	GlobalSection(SolutionProperties) = preSolution
		HideSolutionNode = FALSE
	EndGlobalSection
EndGlobal
